
Microsoft Visual Studio Solution File, Format Version 12.00
# Visual Studio Version 17
VisualStudioVersion = 17.10.35004.147
MinimumVisualStudioVersion = 10.0.40219.1
Project("{8BC9CEB8-8B4A-11D0-8D11-00A0C91BC942}") = "CoordinateConversion", "CoordinateConversion\CoordinateConversion.vcxproj", "{89D9FF7C-DC64-46D8-8EC8-D3530BF953D5}"
EndProject
Global
	GlobalSection(SolutionConfigurationPlatforms) = preSolution
		Debug|x64 = Debug|x64
		Release|x64 = Release|x64
	EndGlobalSection
	GlobalSection(ProjectConfigurationPlatforms) = postSolution
		{89D9FF7C-DC64-46D8-8EC8-D3530BF953D5}.Debug|x64.ActiveCfg = Debug|x64
		{89D9FF7C-DC64-46D8-8EC8-D3530BF953D5}.Debug|x64.Build.0 = Debug|x64
		{89D9FF7C-DC64-46D8-8EC8-D3530BF953D5}.Release|x64.ActiveCfg = Release|x64
		{89D9FF7C-DC64-46D8-8EC8-D3530BF953D5}.Release|x64.Build.0 = Release|x64
	EndGlobalSection
	GlobalSection(SolutionProperties) = preSolution
		HideSolutionNode = FALSE
	EndGlobalSection
	GlobalSection(ExtensibilityGlobals) = postSolution
		SolutionGuid = {4632B275-9FFF-4D2A-99E6-30E58A21BA62}
	EndGlobalSection
EndGlobal
